
Microsoft Visual Studio Solution File, Format Version 12.00
# Visual Studio Version 16
VisualStudioVersion = 16.0.32126.315
MinimumVisualStudioVersion = 10.0.40219.1
Project("{FAE04EC0-301F-11D3-BF4B-00C04F79EFBC}") = "Xedap", "Xedap\Xedap.csproj", "{1E5CB5A3-6C84-4165-8A45-3974DD8BA7BE}"
EndProject
Global
	GlobalSection(SolutionConfigurationPlatforms) = preSolution
		Debug|Any CPU = Debug|Any CPU
		Release|Any CPU = Release|Any CPU
	EndGlobalSection
	GlobalSection(ProjectConfigurationPlatforms) = postSolution
		{1E5CB5A3-6C84-4165-8A45-3974DD8BA7BE}.Debug|Any CPU.ActiveCfg = Debug|Any CPU
		{1E5CB5A3-6C84-4165-8A45-3974DD8BA7BE}.Debug|Any CPU.Build.0 = Debug|Any CPU
		{1E5CB5A3-6C84-4165-8A45-3974DD8BA7BE}.Release|Any CPU.ActiveCfg = Release|Any CPU
		{1E5CB5A3-6C84-4165-8A45-3974DD8BA7BE}.Release|Any CPU.Build.0 = Release|Any CPU
	EndGlobalSection
	GlobalSection(SolutionProperties) = preSolution
		HideSolutionNode = FALSE
	EndGlobalSection
	GlobalSection(ExtensibilityGlobals) = postSolution
		SolutionGuid = {179EA811-DD3A-4656-A7C9-36037B2D139C}
	EndGlobalSection
EndGlobal
